
Microsoft Visual Studio Solution File, Format Version 12.00
# Visual Studio Version 16
VisualStudioVersion = 16.0.30320.27
MinimumVisualStudioVersion = 10.0.40219.1
Project("{FAE04EC0-301F-11D3-BF4B-00C04F79EFBC}") = "RSC15toSC88", "RSC15toSC88\RSC15toSC88.csproj", "{D0B8E213-FA5E-44BA-B810-F08C520341C1}"
EndProject
Global
	GlobalSection(SolutionConfigurationPlatforms) = preSolution
		Debug|Any CPU = Debug|Any CPU
		Release|Any CPU = Release|Any CPU
	EndGlobalSection
	GlobalSection(ProjectConfigurationPlatforms) = postSolution
		{D0B8E213-FA5E-44BA-B810-F08C520341C1}.Debug|Any CPU.ActiveCfg = Debug|Any CPU
		{D0B8E213-FA5E-44BA-B810-F08C520341C1}.Debug|Any CPU.Build.0 = Debug|Any CPU
		{D0B8E213-FA5E-44BA-B810-F08C520341C1}.Release|Any CPU.ActiveCfg = Release|Any CPU
		{D0B8E213-FA5E-44BA-B810-F08C520341C1}.Release|Any CPU.Build.0 = Release|Any CPU
	EndGlobalSection
	GlobalSection(SolutionProperties) = preSolution
		HideSolutionNode = FALSE
	EndGlobalSection
	GlobalSection(ExtensibilityGlobals) = postSolution
		SolutionGuid = {E0EC4C9C-75D0-4AD1-B60B-F780969BC0BE}
	EndGlobalSection
EndGlobal
